
Microsoft Visual Studio Solution File, Format Version 12.00
# Visual Studio Version 16
VisualStudioVersion = 16.0.29509.3
MinimumVisualStudioVersion = 10.0.40219.1
Project("{9A19103F-16F7-4668-BE54-9A1E7A4F7556}") = "API", "API\API.csproj", "{61E40CAE-28AF-4C0D-A8E0-773F48E21EB1}"
EndProject
Project("{FAE04EC0-301F-11D3-BF4B-00C04F79EFBC}") = "API.Tests", "API.Tests\API.Tests.csproj", "{35663143-2621-418F-AF3A-883A39831EFD}"
EndProject
Global
	GlobalSection(SolutionConfigurationPlatforms) = preSolution
		Debug|Any CPU = Debug|Any CPU
		Release|Any CPU = Release|Any CPU
	EndGlobalSection
	GlobalSection(ProjectConfigurationPlatforms) = postSolution
		{61E40CAE-28AF-4C0D-A8E0-773F48E21EB1}.Debug|Any CPU.ActiveCfg = Debug|Any CPU
		{61E40CAE-28AF-4C0D-A8E0-773F48E21EB1}.Debug|Any CPU.Build.0 = Debug|Any CPU
		{61E40CAE-28AF-4C0D-A8E0-773F48E21EB1}.Release|Any CPU.ActiveCfg = Release|Any CPU
		{61E40CAE-28AF-4C0D-A8E0-773F48E21EB1}.Release|Any CPU.Build.0 = Release|Any CPU
		{35663143-2621-418F-AF3A-883A39831EFD}.Debug|Any CPU.ActiveCfg = Debug|Any CPU
		{35663143-2621-418F-AF3A-883A39831EFD}.Debug|Any CPU.Build.0 = Debug|Any CPU
		{35663143-2621-418F-AF3A-883A39831EFD}.Release|Any CPU.ActiveCfg = Release|Any CPU
		{35663143-2621-418F-AF3A-883A39831EFD}.Release|Any CPU.Build.0 = Release|Any CPU
	EndGlobalSection
	GlobalSection(SolutionProperties) = preSolution
		HideSolutionNode = FALSE
	EndGlobalSection
	GlobalSection(ExtensibilityGlobals) = postSolution
		SolutionGuid = {38005DB9-F5F1-42B0-B9C0-EDF1FEE13D47}
	EndGlobalSection
EndGlobal
